<?xml version="1.0" encoding="utf-8"?>
<Project ToolsVersion="4.0" xmlns="http://schemas.microsoft.com/developer/msbuild/2003">
  <ItemGroup>
    <Filter Include="源文件">
      <UniqueIdentifier>{4FC737F1-C7A5-4376-A066-2A32D752A2FF}</UniqueIdentifier>
      <Extensions>cpp;c;cc;cxx;def;odl;idl;hpj;bat;asm;asmx</Extensions>
    </Filter>
    <Filter Include="头文件">
      <UniqueIdentifier>{93995380-89BD-4b04-88EB-625FBE52EBFB}</UniqueIdentifier>
      <Extensions>h;hh;hpp;hxx;hm;inl;inc;xsd</Extensions>
    </Filter>
    <Filter Include="资源文件">
      <UniqueIdentifier>{67DA6AB6-F800-4c08-8B7A-83BB121AAD01}</UniqueIdentifier>
      <Extensions>rc;ico;cur;bmp;dlg;rc2;rct;bin;rgs;gif;jpg;jpeg;jpe;resx;tiff;tif;png;wav;mfcribbon-ms</Extensions>
    </Filter>
    <Filter Include="生成的文件">
      <UniqueIdentifier>{6f835881-e87d-45ad-b321-8f65c511f018}</UniqueIdentifier>
      <SourceControlFiles>False</SourceControlFiles>
    </Filter>
  </ItemGroup>
  <ItemGroup>
    <ClCompile Include="Src\ATLNetworkInterfaceCom.cpp">
      <Filter>源文件</Filter>
    </ClCompile>
    <ClCompile Include="Src\compreg.cpp">
      <Filter>源文件</Filter>
    </ClCompile>
    <ClCompile Include="Src\dllmain.cpp">
      <Filter>源文件</Filter>
    </ClCompile>
    <ClCompile Include="Src\NetworkComImpl.cpp">
      <Filter>源文件</Filter>
    </ClCompile>
    <ClCompile Include="Src\stdafx.cpp">
      <Filter>源文件</Filter>
    </ClCompile>
    <ClCompile Include="Generated Files\ATLNetworkInterfaceCom_i.c">
      <Filter>生成的文件</Filter>
    </ClCompile>
    <ClCompile Include="Src\CLogKeeperNetwork.cpp">
      <Filter>源文件</Filter>
    </ClCompile>
    <ClCompile Include="Src\CCommunicationOperationImp.cpp">
      <Filter>源文件</Filter>
    </ClCompile>
  </ItemGroup>
  <ItemGroup>
    <ClInclude Include="Inc\_INetworkComImplEvents_CP.h">
      <Filter>头文件</Filter>
    </ClInclude>
    <ClInclude Include="Inc\compreg.h">
      <Filter>头文件</Filter>
    </ClInclude>
    <ClInclude Include="Inc\dllmain.h">
      <Filter>头文件</Filter>
    </ClInclude>
    <ClInclude Include="Inc\NetworkComImpl.h">
      <Filter>头文件</Filter>
    </ClInclude>
    <ClInclude Include="Inc\resource.h">
      <Filter>头文件</Filter>
    </ClInclude>
    <ClInclude Include="Inc\stdafx.h">
      <Filter>头文件</Filter>
    </ClInclude>
    <ClInclude Include="Inc\targetver.h">
      <Filter>头文件</Filter>
    </ClInclude>
    <ClInclude Include="Generated Files\ATLNetworkInterfaceCom_i.h">
      <Filter>生成的文件</Filter>
    </ClInclude>
    <ClInclude Include="Inc\LogKeeperNetwork.h">
      <Filter>头文件</Filter>
    </ClInclude>
    <ClInclude Include="Inc\NetworkApi.h">
      <Filter>头文件</Filter>
    </ClInclude>
    <ClInclude Include="Inc\CommunicationOperationImp.h">
      <Filter>头文件</Filter>
    </ClInclude>
    <ClInclude Include="Inc\INetworkCallback.h">
      <Filter>头文件</Filter>
    </ClInclude>
  </ItemGroup>
  <ItemGroup>
    <Text Include="ReadMe.txt" />
  </ItemGroup>
  <ItemGroup>
    <Midl Include="Src\ATLNetworkInterfaceCom.idl">
      <Filter>源文件</Filter>
    </Midl>
  </ItemGroup>
  <ItemGroup>
    <ResourceCompile Include="Resource\ATLNetworkInterfaceCom.rc">
      <Filter>资源文件</Filter>
    </ResourceCompile>
  </ItemGroup>
  <ItemGroup>
    <None Include="Resource\ATLNetworkInterfaceCom.rgs">
      <Filter>资源文件</Filter>
    </None>
    <None Include="Resource\NetworkComImpl.rgs">
      <Filter>资源文件</Filter>
    </None>
  </ItemGroup>
</Project>